// !$*UTF8*$!
{
	archiveVersion = 1;
	classes = {
	};
	objectVersion = 46;
	objects = {

/* Begin PBXBuildFile section */
		F80FA79F1DB8B524007CE7BF /* AppDelegate.swift in Sources */ = {isa = PBXBuildFile; fileRef = F80FA79E1DB8B524007CE7BF /* AppDelegate.swift */; };
		F80FA7A11DB8B524007CE7BF /* ViewController.swift in Sources */ = {isa = PBXBuildFile; fileRef = F80FA7A01DB8B524007CE7BF /* ViewController.swift */; };
		F80FA7A41DB8B524007CE7BF /* Main.storyboard in Resources */ = {isa = PBXBuildFile; fileRef = F80FA7A21DB8B524007CE7BF /* Main.storyboard */; };
		F80FA7A61DB8B524007CE7BF /* Assets.xcassets in Resources */ = {isa = PBXBuildFile; fileRef = F80FA7A51DB8B524007CE7BF /* Assets.xcassets */; };
		F80FA7A91DB8B524007CE7BF /* LaunchScreen.storyboard in Resources */ = {isa = PBXBuildFile; fileRef = F80FA7A71DB8B524007CE7BF /* LaunchScreen.storyboard */; };
		F80FA7B41DB8B524007CE7BF /* GestureTests.swift in Sources */ = {isa = PBXBuildFile; fileRef = F80FA7B31DB8B524007CE7BF /* GestureTests.swift */; };
		F80FA7BF1DB8B524007CE7BF /* GestureUITests.swift in Sources */ = {isa = PBXBuildFile; fileRef = F80FA7BE1DB8B524007CE7BF /* GestureUITests.swift */; };
/* End PBXBuildFile section */

/* Begin PBXContainerItemProxy section */
		F80FA7B01DB8B524007CE7BF /* PBXContainerItemProxy */ = {
			isa = PBXContainerItemProxy;
			containerPortal = F80FA7931DB8B524007CE7BF /* Project object */;
			proxyType = 1;
			remoteGlobalIDString = F80FA79A1DB8B524007CE7BF;
			remoteInfo = Gesture;
		};
		F80FA7BB1DB8B524007CE7BF /* PBXContainerItemProxy */ = {
			isa = PBXContainerItemProxy;
			containerPortal = F80FA7931DB8B524007CE7BF /* Project object */;
			proxyType = 1;
			remoteGlobalIDString = F80FA79A1DB8B524007CE7BF;
			remoteInfo = Gesture;
		};
/* End PBXContainerItemProxy section */

/* Begin PBXFileReference section */
		F80FA79B1DB8B524007CE7BF /* Gesture.app */ = {isa = PBXFileReference; explicitFileType = wrapper.application; includeInIndex = 0; path = Gesture.app; sourceTree = BUILT_PRODUCTS_DIR; };
		F80FA79E1DB8B524007CE7BF /* AppDelegate.swift */ = {isa = PBXFileReference; lastKnownFileType = sourcecode.swift; path = AppDelegate.swift; sourceTree = "<group>"; };
		F80FA7A01DB8B524007CE7BF /* ViewController.swift */ = {isa = PBXFileReference; lastKnownFileType = sourcecode.swift; path = ViewController.swift; sourceTree = "<group>"; };
		F80FA7A31DB8B524007CE7BF /* Base */ = {isa = PBXFileReference; lastKnownFileType = file.storyboard; name = Base; path = Base.lproj/Main.storyboard; sourceTree = "<group>"; };
		F80FA7A51DB8B524007CE7BF /* Assets.xcassets */ = {isa = PBXFileReference; lastKnownFileType = folder.assetcatalog; name = Assets.xcassets; path = Gesture/Assets.xcassets; sourceTree = "<group>"; };
		F80FA7A81DB8B524007CE7BF /* Base */ = {isa = PBXFileReference; lastKnownFileType = file.storyboard; name = Base; path = Base.lproj/LaunchScreen.storyboard; sourceTree = "<group>"; };
		F80FA7AA1DB8B524007CE7BF /* Info.plist */ = {isa = PBXFileReference; lastKnownFileType = text.plist.xml; path = Info.plist; sourceTree = "<group>"; };
		F80FA7AF1DB8B524007CE7BF /* GestureTests.xctest */ = {isa = PBXFileReference; explicitFileType = wrapper.cfbundle; includeInIndex = 0; path = GestureTests.xctest; sourceTree = BUILT_PRODUCTS_DIR; };
		F80FA7B31DB8B524007CE7BF /* GestureTests.swift */ = {isa = PBXFileReference; lastKnownFileType = sourcecode.swift; path = GestureTests.swift; sourceTree = "<group>"; };
		F80FA7B51DB8B524007CE7BF /* Info.plist */ = {isa = PBXFileReference; lastKnownFileType = text.plist.xml; path = Info.plist; sourceTree = "<group>"; };
		F80FA7BA1DB8B524007CE7BF /* GestureUITests.xctest */ = {isa = PBXFileReference; explicitFileType = wrapper.cfbundle; includeInIndex = 0; path = GestureUITests.xctest; sourceTree = BUILT_PRODUCTS_DIR; };
		F80FA7BE1DB8B524007CE7BF /* GestureUITests.swift */ = {isa = PBXFileReference; lastKnownFileType = sourcecode.swift; path = GestureUITests.swift; sourceTree = "<group>"; };
		F80FA7C01DB8B524007CE7BF /* Info.plist */ = {isa = PBXFileReference; lastKnownFileType = text.plist.xml; path = Info.plist; sourceTree = "<group>"; };
/* End PBXFileReference section */

/* Begin PBXFrameworksBuildPhase section */
		F80FA7981DB8B524007CE7BF /* Frameworks */ = {
			isa = PBXFrameworksBuildPhase;
			buildActionMask = 2147483647;
			files = (
			);
			runOnlyForDeploymentPostprocessing = 0;
		};
		F80FA7AC1DB8B524007CE7BF /* Frameworks */ = {
			isa = PBXFrameworksBuildPhase;
			buildActionMask = 2147483647;
			files = (
			);
			runOnlyForDeploymentPostprocessing = 0;
		};
		F80FA7B71DB8B524007CE7BF /* Frameworks */ = {
			isa = PBXFrameworksBuildPhase;
			buildActionMask = 2147483647;
			files = (
			);
			runOnlyForDeploymentPostprocessing = 0;
		};
/* End PBXFrameworksBuildPhase section */

/* Begin PBXGroup section */
		F80FA7921DB8B524007CE7BF = {
			isa = PBXGroup;
			children = (
				F80FA79D1DB8B524007CE7BF /* Gesture */,
				F80FA7A51DB8B524007CE7BF /* Assets.xcassets */,
				F80FA7B21DB8B524007CE7BF /* GestureTests */,
				F80FA7BD1DB8B524007CE7BF /* GestureUITests */,
				F80FA79C1DB8B524007CE7BF /* Products */,
			);
			sourceTree = "<group>";
		};
		F80FA79C1DB8B524007CE7BF /* Products */ = {
			isa = PBXGroup;
			children = (
				F80FA79B1DB8B524007CE7BF /* Gesture.app */,
				F80FA7AF1DB8B524007CE7BF /* GestureTests.xctest */,
				F80FA7BA1DB8B524007CE7BF /* GestureUITests.xctest */,
			);
			name = Products;
			sourceTree = "<group>";
		};
		F80FA79D1DB8B524007CE7BF /* Gesture */ = {
			isa = PBXGroup;
			children = (
				F80FA79E1DB8B524007CE7BF /* AppDelegate.swift */,
				F80FA7A01DB8B524007CE7BF /* ViewController.swift */,
				F80FA7A21DB8B524007CE7BF /* Main.storyboard */,
				F80FA7A71DB8B524007CE7BF /* LaunchScreen.storyboard */,
				F80FA7AA1DB8B524007CE7BF /* Info.plist */,
			);
			path = Gesture;
			sourceTree = "<group>";
		};
		F80FA7B21DB8B524007CE7BF /* GestureTests */ = {
			isa = PBXGroup;
			children = (
				F80FA7B31DB8B524007CE7BF /* GestureTests.swift */,
				F80FA7B51DB8B524007CE7BF /* Info.plist */,
			);
			path = GestureTests;
			sourceTree = "<group>";
		};
		F80FA7BD1DB8B524007CE7BF /* GestureUITests */ = {
			isa = PBXGroup;
			children = (
				F80FA7BE1DB8B524007CE7BF /* GestureUITests.swift */,
				F80FA7C01DB8B524007CE7BF /* Info.plist */,
			);
			path = GestureUITests;
			sourceTree = "<group>";
		};
/* End PBXGroup section */

/* Begin PBXNativeTarget section */
		F80FA79A1DB8B524007CE7BF /* Gesture */ = {
			isa = PBXNativeTarget;
			buildConfigurationList = F80FA7C31DB8B524007CE7BF /* Build configuration list for PBXNativeTarget "Gesture" */;
			buildPhases = (
				F80FA7971DB8B524007CE7BF /* Sources */,
				F80FA7981DB8B524007CE7BF /* Frameworks */,
				F80FA7991DB8B524007CE7BF /* Resources */,
			);
			buildRules = (
			);
			dependencies = (
			);
			name = Gesture;
			productName = Gesture;
			productReference = F80FA79B1DB8B524007CE7BF /* Gesture.app */;
			productType = "com.apple.product-type.application";
		};
		F80FA7AE1DB8B524007CE7BF /* GestureTests */ = {
			isa = PBXNativeTarget;
			buildConfigurationList = F80FA7C61DB8B524007CE7BF /* Build configuration list for PBXNativeTarget "GestureTests" */;
			buildPhases = (
				F80FA7AB1DB8B524007CE7BF /* Sources */,
				F80FA7AC1DB8B524007CE7BF /* Frameworks */,
				F80FA7AD1DB8B524007CE7BF /* Resources */,
			);
			buildRules = (
			);
			dependencies = (
				F80FA7B11DB8B524007CE7BF /* PBXTargetDependency */,
			);
			name = GestureTests;
			productName = GestureTests;
			productReference = F80FA7AF1DB8B524007CE7BF /* GestureTests.xctest */;
			productType = "com.apple.product-type.bundle.unit-test";
		};
		F80FA7B91DB8B524007CE7BF /* GestureUITests */ = {
			isa = PBXNativeTarget;
			buildConfigurationList = F80FA7C91DB8B524007CE7BF /* Build configuration list for PBXNativeTarget "GestureUITests" */;
			buildPhases = (
				F80FA7B61DB8B524007CE7BF /* Sources */,
				F80FA7B71DB8B524007CE7BF /* Frameworks */,
				F80FA7B81DB8B524007CE7BF /* Resources */,
			);
			buildRules = (
			);
			dependencies = (
				F80FA7BC1DB8B524007CE7BF /* PBXTargetDependency */,
			);
			name = GestureUITests;
			productName = GestureUITests;
			productReference = F80FA7BA1DB8B524007CE7BF /* GestureUITests.xctest */;
			productType = "com.apple.product-type.bundle.ui-testing";
		};
/* End PBXNativeTarget section */

/* Begin PBXProject section */
		F80FA7931DB8B524007CE7BF /* Project object */ = {
			isa = PBXProject;
			attributes = {
				LastSwiftUpdateCheck = 0800;
				LastUpgradeCheck = 0800;
				ORGANIZATIONNAME = NguyenThanhDuc;
				TargetAttributes = {
					F80FA79A1DB8B524007CE7BF = {
						CreatedOnToolsVersion = 8.0;
						ProvisioningStyle = Automatic;
					};
					F80FA7AE1DB8B524007CE7BF = {
						CreatedOnToolsVersion = 8.0;
						ProvisioningStyle = Automatic;
						TestTargetID = F80FA79A1DB8B524007CE7BF;
					};
					F80FA7B91DB8B524007CE7BF = {
						CreatedOnToolsVersion = 8.0;
						ProvisioningStyle = Automatic;
						TestTargetID = F80FA79A1DB8B524007CE7BF;
					};
				};
			};
			buildConfigurationList = F80FA7961DB8B524007CE7BF /* Build configuration list for PBXProject "Gesture" */;
			compatibilityVersion = "Xcode 3.2";
			developmentRegion = English;
			hasScannedForEncodings = 0;
			knownRegions = (
				en,
				Base,
			);
			mainGroup = F80FA7921DB8B524007CE7BF;
			productRefGroup = F80FA79C1DB8B524007CE7BF /* Products */;
			projectDirPath = "";
			projectRoot = "";
			targets = (
				F80FA79A1DB8B524007CE7BF /* Gesture */,
				F80FA7AE1DB8B524007CE7BF /* GestureTests */,
				F80FA7B91DB8B524007CE7BF /* GestureUITests */,
			);
		};
/* End PBXProject section */

/* Begin PBXResourcesBuildPhase section */
		F80FA7991DB8B524007CE7BF /* Resources */ = {
			isa = PBXResourcesBuildPhase;
			buildActionMask = 2147483647;
			files = (
				F80FA7A91DB8B524007CE7BF /* LaunchScreen.storyboard in Resources */,
				F80FA7A61DB8B524007CE7BF /* Assets.xcassets in Resources */,
				F80FA7A41DB8B524007CE7BF /* Main.storyboard in Resources */,
			);
			runOnlyForDeploymentPostprocessing = 0;
		};
		F80FA7AD1DB8B524007CE7BF /* Resources */ = {
			isa = PBXResourcesBuildPhase;
			buildActionMask = 2147483647;
			files = (
			);
			runOnlyForDeploymentPostprocessing = 0;
		};
		F80FA7B81DB8B524007CE7BF /* Resources */ = {
			isa = PBXResourcesBuildPhase;
			buildActionMask = 2147483647;
			files = (
			);
			runOnlyForDeploymentPostprocessing = 0;
		};
/* End PBXResourcesBuildPhase section */

/* Begin PBXSourcesBuildPhase section */
		F80FA7971DB8B524007CE7BF /* Sources */ = {
			isa = PBXSourcesBuildPhase;
			buildActionMask = 2147483647;
			files = (
				F80FA7A11DB8B524007CE7BF /* ViewController.swift in Sources */,
				F80FA79F1DB8B524007CE7BF /* AppDelegate.swift in Sources */,
			);
			runOnlyForDeploymentPostprocessing = 0;
		};
		F80FA7AB1DB8B524007CE7BF /* Sources */ = {
			isa = PBXSourcesBuildPhase;
			buildActionMask = 2147483647;
			files = (
				F80FA7B41DB8B524007CE7BF /* GestureTests.swift in Sources */,
			);
			runOnlyForDeploymentPostprocessing = 0;
		};
		F80FA7B61DB8B524007CE7BF /* Sources */ = {
			isa = PBXSourcesBuildPhase;
			buildActionMask = 2147483647;
			files = (
				F80FA7BF1DB8B524007CE7BF /* GestureUITests.swift in Sources */,
			);
			runOnlyForDeploymentPostprocessing = 0;
		};
/* End PBXSourcesBuildPhase section */

/* Begin PBXTargetDependency section */
		F80FA7B11DB8B524007CE7BF /* PBXTargetDependency */ = {
			isa = PBXTargetDependency;
			target = F80FA79A1DB8B524007CE7BF /* Gesture */;
			targetProxy = F80FA7B01DB8B524007CE7BF /* PBXContainerItemProxy */;
		};
		F80FA7BC1DB8B524007CE7BF /* PBXTargetDependency */ = {
			isa = PBXTargetDependency;
			target = F80FA79A1DB8B524007CE7BF /* Gesture */;
			targetProxy = F80FA7BB1DB8B524007CE7BF /* PBXContainerItemProxy */;
		};
/* End PBXTargetDependency section */

/* Begin PBXVariantGroup section */
		F80FA7A21DB8B524007CE7BF /* Main.storyboard */ = {
			isa = PBXVariantGroup;
			children = (
				F80FA7A31DB8B524007CE7BF /* Base */,
			);
			name = Main.storyboard;
			sourceTree = "<group>";
		};
		F80FA7A71DB8B524007CE7BF /* LaunchScreen.storyboard */ = {
			isa = PBXVariantGroup;
			children = (
				F80FA7A81DB8B524007CE7BF /* Base */,
			);
			name = LaunchScreen.storyboard;
			sourceTree = "<group>";
		};
/* End PBXVariantGroup section */

/* Begin XCBuildConfiguration section */
		F80FA7C11DB8B524007CE7BF /* Debug */ = {
			isa = XCBuildConfiguration;
			buildSettings = {
				ALWAYS_SEARCH_USER_PATHS = NO;
				CLANG_ANALYZER_NONNULL = YES;
				CLANG_CXX_LANGUAGE_STANDARD = "gnu++0x";
				CLANG_CXX_LIBRARY = "libc++";
				CLANG_ENABLE_MODULES = YES;
				CLANG_ENABLE_OBJC_ARC = YES;
				CLANG_WARN_BOOL_CONVERSION = YES;
				CLANG_WARN_CONSTANT_CONVERSION = YES;
				CLANG_WARN_DIRECT_OBJC_ISA_USAGE = YES_ERROR;
				CLANG_WARN_DOCUMENTATION_COMMENTS = YES;
				CLANG_WARN_EMPTY_BODY = YES;
				CLANG_WARN_ENUM_CONVERSION = YES;
				CLANG_WARN_INFINITE_RECURSION = YES;
				CLANG_WARN_INT_CONVERSION = YES;
				CLANG_WARN_OBJC_ROOT_CLASS = YES_ERROR;
				CLANG_WARN_SUSPICIOUS_MOVES = YES;
				CLANG_WARN_UNREACHABLE_CODE = YES;
				CLANG_WARN__DUPLICATE_METHOD_MATCH = YES;
				"CODE_SIGN_IDENTITY[sdk=iphoneos*]" = "iPhone Developer";
				COPY_PHASE_STRIP = NO;
				DEBUG_INFORMATION_FORMAT = dwarf;
				ENABLE_STRICT_OBJC_MSGSEND = YES;
				ENABLE_TESTABILITY = YES;
				GCC_C_LANGUAGE_STANDARD = gnu99;
				GCC_DYNAMIC_NO_PIC = NO;
				GCC_NO_COMMON_BLOCKS = YES;
				GCC_OPTIMIZATION_LEVEL = 0;
				GCC_PREPROCESSOR_DEFINITIONS = (
					"DEBUG=1",
					"$(inherited)",
				);
				GCC_WARN_64_TO_32_BIT_CONVERSION = YES;
				GCC_WARN_ABOUT_RETURN_TYPE = YES_ERROR;
				GCC_WARN_UNDECLARED_SELECTOR = YES;
				GCC_WARN_UNINITIALIZED_AUTOS = YES_AGGRESSIVE;
				GCC_WARN_UNUSED_FUNCTION = YES;
				GCC_WARN_UNUSED_VARIABLE = YES;
				IPHONEOS_DEPLOYMENT_TARGET = 10.0;
				MTL_ENABLE_DEBUG_INFO = YES;
				ONLY_ACTIVE_ARCH = YES;
				SDKROOT = iphoneos;
				SWIFT_ACTIVE_COMPILATION_CONDITIONS = DEBUG;
				SWIFT_OPTIMIZATION_LEVEL = "-Onone";
				TARGETED_DEVICE_FAMILY = "1,2";
			};
			name = Debug;
		};
		F80FA7C21DB8B524007CE7BF /* Release */ = {
			isa = XCBuildConfiguration;
			buildSettings = {
				ALWAYS_SEARCH_USER_PATHS = NO;
				CLANG_ANALYZER_NONNULL = YES;
				CLANG_CXX_LANGUAGE_STANDARD = "gnu++0x";
				CLANG_CXX_LIBRARY = "libc++";
				CLANG_ENABLE_MODULES = YES;
				CLANG_ENABLE_OBJC_ARC = YES;
				CLANG_WARN_BOOL_CONVERSION = YES;
				CLANG_WARN_CONSTANT_CONVERSION = YES;
				CLANG_WARN_DIRECT_OBJC_ISA_USAGE = YES_ERROR;
				CLANG_WARN_DOCUMENTATION_COMMENTS = YES;
				CLANG_WARN_EMPTY_BODY = YES;
				CLANG_WARN_ENUM_CONVERSION = YES;
				CLANG_WARN_INFINITE_RECURSION = YES;
				CLANG_WARN_INT_CONVERSION = YES;
				CLANG_WARN_OBJC_ROOT_CLASS = YES_ERROR;
				CLANG_WARN_SUSPICIOUS_MOVES = YES;
				CLANG_WARN_UNREACHABLE_CODE = YES;
				CLANG_WARN__DUPLICATE_METHOD_MATCH = YES;
				"CODE_SIGN_IDENTITY[sdk=iphoneos*]" = "iPhone Developer";
				COPY_PHASE_STRIP = NO;
				DEBUG_INFORMATION_FORMAT = "dwarf-with-dsym";
				ENABLE_NS_ASSERTIONS = NO;
				ENABLE_STRICT_OBJC_MSGSEND = YES;
				GCC_C_LANGUAGE_STANDARD = gnu99;
				GCC_NO_COMMON_BLOCKS = YES;
				GCC_WARN_64_TO_32_BIT_CONVERSION = YES;
				GCC_WARN_ABOUT_RETURN_TYPE = YES_ERROR;
				GCC_WARN_UNDECLARED_SELECTOR = YES;
				GCC_WARN_UNINITIALIZED_AUTOS = YES_AGGRESSIVE;
				GCC_WARN_UNUSED_FUNCTION = YES;
				GCC_WARN_UNUSED_VARIABLE = YES;
				IPHONEOS_DEPLOYMENT_TARGET = 10.0;
				MTL_ENABLE_DEBUG_INFO = NO;
				SDKROOT = iphoneos;
				SWIFT_OPTIMIZATION_LEVEL = "-Owholemodule";
				TARGETED_DEVICE_FAMILY = "1,2";
				VALIDATE_PRODUCT = YES;
			};
			name = Release;
		};
		F80FA7C41DB8B524007CE7BF /* Debug */ = {
			isa = XCBuildConfiguration;
			buildSettings = {
				ASSETCATALOG_COMPILER_APPICON_NAME = AppIcon;
				INFOPLIST_FILE = Gesture/Info.plist;
				LD_RUNPATH_SEARCH_PATHS = "$(inherited) @executable_path/Frameworks";
				PRODUCT_BUNDLE_IDENTIFIER = com.NguyenThanhDuc.Gesture;
				PRODUCT_NAME = "$(TARGET_NAME)";
				SWIFT_VERSION = 3.0;
			};
			name = Debug;
		};
		F80FA7C51DB8B524007CE7BF /* Release */ = {
			isa = XCBuildConfiguration;
			buildSettings = {
				ASSETCATALOG_COMPILER_APPICON_NAME = AppIcon;
				INFOPLIST_FILE = Gesture/Info.plist;
				LD_RUNPATH_SEARCH_PATHS = "$(inherited) @executable_path/Frameworks";
				PRODUCT_BUNDLE_IDENTIFIER = com.NguyenThanhDuc.Gesture;
				PRODUCT_NAME = "$(TARGET_NAME)";
				SWIFT_VERSION = 3.0;
			};
			name = Release;
		};
		F80FA7C71DB8B524007CE7BF /* Debug */ = {
			isa = XCBuildConfiguration;
			buildSettings = {
				ALWAYS_EMBED_SWIFT_STANDARD_LIBRARIES = YES;
				BUNDLE_LOADER = "$(TEST_HOST)";
				INFOPLIST_FILE = GestureTests/Info.plist;
				LD_RUNPATH_SEARCH_PATHS = "$(inherited) @executable_path/Frameworks @loader_path/Frameworks";
				PRODUCT_BUNDLE_IDENTIFIER = com.NguyenThanhDuc.GestureTests;
				PRODUCT_NAME = "$(TARGET_NAME)";
				SWIFT_VERSION = 3.0;
				TEST_HOST = "$(BUILT_PRODUCTS_DIR)/Gesture.app/Gesture";
			};
			name = Debug;
		};
		F80FA7C81DB8B524007CE7BF /* Release */ = {
			isa = XCBuildConfiguration;
			buildSettings = {
				ALWAYS_EMBED_SWIFT_STANDARD_LIBRARIES = YES;
				BUNDLE_LOADER = "$(TEST_HOST)";
				INFOPLIST_FILE = GestureTests/Info.plist;
				LD_RUNPATH_SEARCH_PATHS = "$(inherited) @executable_path/Frameworks @loader_path/Frameworks";
				PRODUCT_BUNDLE_IDENTIFIER = com.NguyenThanhDuc.GestureTests;
				PRODUCT_NAME = "$(TARGET_NAME)";
				SWIFT_VERSION = 3.0;
				TEST_HOST = "$(BUILT_PRODUCTS_DIR)/Gesture.app/Gesture";
			};
			name = Release;
		};
		F80FA7CA1DB8B524007CE7BF /* Debug */ = {
			isa = XCBuildConfiguration;
			buildSettings = {
				ALWAYS_EMBED_SWIFT_STANDARD_LIBRARIES = YES;
				INFOPLIST_FILE = GestureUITests/Info.plist;
				LD_RUNPATH_SEARCH_PATHS = "$(inherited) @executable_path/Frameworks @loader_path/Frameworks";
				PRODUCT_BUNDLE_IDENTIFIER = com.NguyenThanhDuc.GestureUITests;
				PRODUCT_NAME = "$(TARGET_NAME)";
				SWIFT_VERSION = 3.0;
				TEST_TARGET_NAME = Gesture;
			};
			name = Debug;
		};
		F80FA7CB1DB8B524007CE7BF /* Release */ = {
			isa = XCBuildConfiguration;
			buildSettings = {
				ALWAYS_EMBED_SWIFT_STANDARD_LIBRARIES = YES;
				INFOPLIST_FILE = GestureUITests/Info.plist;
				LD_RUNPATH_SEARCH_PATHS = "$(inherited) @executable_path/Frameworks @loader_path/Frameworks";
				PRODUCT_BUNDLE_IDENTIFIER = com.NguyenThanhDuc.GestureUITests;
				PRODUCT_NAME = "$(TARGET_NAME)";
				SWIFT_VERSION = 3.0;
				TEST_TARGET_NAME = Gesture;
			};
			name = Release;
		};
/* End XCBuildConfiguration section */

/* Begin XCConfigurationList section */
		F80FA7961DB8B524007CE7BF /* Build configuration list for PBXProject "Gesture" */ = {
			isa = XCConfigurationList;
			buildConfigurations = (
				F80FA7C11DB8B524007CE7BF /* Debug */,
				F80FA7C21DB8B524007CE7BF /* Release */,
			);
			defaultConfigurationIsVisible = 0;
			defaultConfigurationName = Release;
		};
		F80FA7C31DB8B524007CE7BF /* Build configuration list for PBXNativeTarget "Gesture" */ = {
			isa = XCConfigurationList;
			buildConfigurations = (
				F80FA7C41DB8B524007CE7BF /* Debug */,
				F80FA7C51DB8B524007CE7BF /* Release */,
			);
			defaultConfigurationIsVisible = 0;
			defaultConfigurationName = Release;
		};
		F80FA7C61DB8B524007CE7BF /* Build configuration list for PBXNativeTarget "GestureTests" */ = {
			isa = XCConfigurationList;
			buildConfigurations = (
				F80FA7C71DB8B524007CE7BF /* Debug */,
				F80FA7C81DB8B524007CE7BF /* Release */,
			);
			defaultConfigurationIsVisible = 0;
			defaultConfigurationName = Release;
		};
		F80FA7C91DB8B524007CE7BF /* Build configuration list for PBXNativeTarget "GestureUITests" */ = {
			isa = XCConfigurationList;
			buildConfigurations = (
				F80FA7CA1DB8B524007CE7BF /* Debug */,
				F80FA7CB1DB8B524007CE7BF /* Release */,
			);
			defaultConfigurationIsVisible = 0;
			defaultConfigurationName = Release;
		};
/* End XCConfigurationList section */
	};
	rootObject = F80FA7931DB8B524007CE7BF /* Project object */;
}
