PODS:
  - ChameleonFramework/Default (2.1.0)
  - ChameleonFramework/Swift (2.1.0):
    - ChameleonFramework/Default
  - RxCocoa (3.0.0):
    - RxSwift (~> 3.0)
  - RxSwift (3.0.0)

DEPENDENCIES:
  - ChameleonFramework/Swift
  - RxCocoa
  - RxSwift

SPEC CHECKSUMS:
  ChameleonFramework: d21a3cc247abfe5e37609a283a8238b03575cf64
  RxCocoa: 0a2f3ae381cf16f4021a4cee7a4420f83058a965
  RxSwift: a930cd662f5b4a7ca9dc3518585dba91dadf497c

PODFILE CHECKSUM: b97f9e06500f94ace7c0d4982322c7d58a2e81a9

COCOAPODS: 1.1.1
