// !$*UTF8*$!
{
	archiveVersion = 1;
	classes = {
	};
	objectVersion = 46;
	objects = {

/* Begin PBXBuildFile section */
		F8B1F9A51DB8A23D0079AA96 /* AppDelegate.swift in Sources */ = {isa = PBXBuildFile; fileRef = F8B1F9A41DB8A23D0079AA96 /* AppDelegate.swift */; };
		F8B1F9A71DB8A23D0079AA96 /* ViewController.swift in Sources */ = {isa = PBXBuildFile; fileRef = F8B1F9A61DB8A23D0079AA96 /* ViewController.swift */; };
		F8B1F9AA1DB8A23D0079AA96 /* Main.storyboard in Resources */ = {isa = PBXBuildFile; fileRef = F8B1F9A81DB8A23D0079AA96 /* Main.storyboard */; };
		F8B1F9AC1DB8A23D0079AA96 /* Assets.xcassets in Resources */ = {isa = PBXBuildFile; fileRef = F8B1F9AB1DB8A23D0079AA96 /* Assets.xcassets */; };
		F8B1F9AF1DB8A23D0079AA96 /* LaunchScreen.storyboard in Resources */ = {isa = PBXBuildFile; fileRef = F8B1F9AD1DB8A23D0079AA96 /* LaunchScreen.storyboard */; };
		F8B1F9BA1DB8A23E0079AA96 /* MyTimeTests.swift in Sources */ = {isa = PBXBuildFile; fileRef = F8B1F9B91DB8A23E0079AA96 /* MyTimeTests.swift */; };
		F8B1F9C51DB8A23E0079AA96 /* MyTimeUITests.swift in Sources */ = {isa = PBXBuildFile; fileRef = F8B1F9C41DB8A23E0079AA96 /* MyTimeUITests.swift */; };
/* End PBXBuildFile section */

/* Begin PBXContainerItemProxy section */
		F8B1F9B61DB8A23D0079AA96 /* PBXContainerItemProxy */ = {
			isa = PBXContainerItemProxy;
			containerPortal = F8B1F9991DB8A23D0079AA96 /* Project object */;
			proxyType = 1;
			remoteGlobalIDString = F8B1F9A01DB8A23D0079AA96;
			remoteInfo = MyTime;
		};
		F8B1F9C11DB8A23E0079AA96 /* PBXContainerItemProxy */ = {
			isa = PBXContainerItemProxy;
			containerPortal = F8B1F9991DB8A23D0079AA96 /* Project object */;
			proxyType = 1;
			remoteGlobalIDString = F8B1F9A01DB8A23D0079AA96;
			remoteInfo = MyTime;
		};
/* End PBXContainerItemProxy section */

/* Begin PBXFileReference section */
		F8B1F9A11DB8A23D0079AA96 /* MyTime.app */ = {isa = PBXFileReference; explicitFileType = wrapper.application; includeInIndex = 0; path = MyTime.app; sourceTree = BUILT_PRODUCTS_DIR; };
		F8B1F9A41DB8A23D0079AA96 /* AppDelegate.swift */ = {isa = PBXFileReference; lastKnownFileType = sourcecode.swift; path = AppDelegate.swift; sourceTree = "<group>"; };
		F8B1F9A61DB8A23D0079AA96 /* ViewController.swift */ = {isa = PBXFileReference; lastKnownFileType = sourcecode.swift; path = ViewController.swift; sourceTree = "<group>"; };
		F8B1F9A91DB8A23D0079AA96 /* Base */ = {isa = PBXFileReference; lastKnownFileType = file.storyboard; name = Base; path = Base.lproj/Main.storyboard; sourceTree = "<group>"; };
		F8B1F9AB1DB8A23D0079AA96 /* Assets.xcassets */ = {isa = PBXFileReference; lastKnownFileType = folder.assetcatalog; path = Assets.xcassets; sourceTree = "<group>"; };
		F8B1F9AE1DB8A23D0079AA96 /* Base */ = {isa = PBXFileReference; lastKnownFileType = file.storyboard; name = Base; path = Base.lproj/LaunchScreen.storyboard; sourceTree = "<group>"; };
		F8B1F9B01DB8A23D0079AA96 /* Info.plist */ = {isa = PBXFileReference; lastKnownFileType = text.plist.xml; path = Info.plist; sourceTree = "<group>"; };
		F8B1F9B51DB8A23D0079AA96 /* MyTimeTests.xctest */ = {isa = PBXFileReference; explicitFileType = wrapper.cfbundle; includeInIndex = 0; path = MyTimeTests.xctest; sourceTree = BUILT_PRODUCTS_DIR; };
		F8B1F9B91DB8A23E0079AA96 /* MyTimeTests.swift */ = {isa = PBXFileReference; lastKnownFileType = sourcecode.swift; path = MyTimeTests.swift; sourceTree = "<group>"; };
		F8B1F9BB1DB8A23E0079AA96 /* Info.plist */ = {isa = PBXFileReference; lastKnownFileType = text.plist.xml; path = Info.plist; sourceTree = "<group>"; };
		F8B1F9C01DB8A23E0079AA96 /* MyTimeUITests.xctest */ = {isa = PBXFileReference; explicitFileType = wrapper.cfbundle; includeInIndex = 0; path = MyTimeUITests.xctest; sourceTree = BUILT_PRODUCTS_DIR; };
		F8B1F9C41DB8A23E0079AA96 /* MyTimeUITests.swift */ = {isa = PBXFileReference; lastKnownFileType = sourcecode.swift; path = MyTimeUITests.swift; sourceTree = "<group>"; };
		F8B1F9C61DB8A23E0079AA96 /* Info.plist */ = {isa = PBXFileReference; lastKnownFileType = text.plist.xml; path = Info.plist; sourceTree = "<group>"; };
/* End PBXFileReference section */

/* Begin PBXFrameworksBuildPhase section */
		F8B1F99E1DB8A23D0079AA96 /* Frameworks */ = {
			isa = PBXFrameworksBuildPhase;
			buildActionMask = 2147483647;
			files = (
			);
			runOnlyForDeploymentPostprocessing = 0;
		};
		F8B1F9B21DB8A23D0079AA96 /* Frameworks */ = {
			isa = PBXFrameworksBuildPhase;
			buildActionMask = 2147483647;
			files = (
			);
			runOnlyForDeploymentPostprocessing = 0;
		};
		F8B1F9BD1DB8A23E0079AA96 /* Frameworks */ = {
			isa = PBXFrameworksBuildPhase;
			buildActionMask = 2147483647;
			files = (
			);
			runOnlyForDeploymentPostprocessing = 0;
		};
/* End PBXFrameworksBuildPhase section */

/* Begin PBXGroup section */
		F8B1F9981DB8A23D0079AA96 = {
			isa = PBXGroup;
			children = (
				F8B1F9A31DB8A23D0079AA96 /* MyTime */,
				F8B1F9B81DB8A23E0079AA96 /* MyTimeTests */,
				F8B1F9C31DB8A23E0079AA96 /* MyTimeUITests */,
				F8B1F9A21DB8A23D0079AA96 /* Products */,
			);
			sourceTree = "<group>";
		};
		F8B1F9A21DB8A23D0079AA96 /* Products */ = {
			isa = PBXGroup;
			children = (
				F8B1F9A11DB8A23D0079AA96 /* MyTime.app */,
				F8B1F9B51DB8A23D0079AA96 /* MyTimeTests.xctest */,
				F8B1F9C01DB8A23E0079AA96 /* MyTimeUITests.xctest */,
			);
			name = Products;
			sourceTree = "<group>";
		};
		F8B1F9A31DB8A23D0079AA96 /* MyTime */ = {
			isa = PBXGroup;
			children = (
				F8B1F9A41DB8A23D0079AA96 /* AppDelegate.swift */,
				F8B1F9A61DB8A23D0079AA96 /* ViewController.swift */,
				F8B1F9A81DB8A23D0079AA96 /* Main.storyboard */,
				F8B1F9AB1DB8A23D0079AA96 /* Assets.xcassets */,
				F8B1F9AD1DB8A23D0079AA96 /* LaunchScreen.storyboard */,
				F8B1F9B01DB8A23D0079AA96 /* Info.plist */,
			);
			path = MyTime;
			sourceTree = "<group>";
		};
		F8B1F9B81DB8A23E0079AA96 /* MyTimeTests */ = {
			isa = PBXGroup;
			children = (
				F8B1F9B91DB8A23E0079AA96 /* MyTimeTests.swift */,
				F8B1F9BB1DB8A23E0079AA96 /* Info.plist */,
			);
			path = MyTimeTests;
			sourceTree = "<group>";
		};
		F8B1F9C31DB8A23E0079AA96 /* MyTimeUITests */ = {
			isa = PBXGroup;
			children = (
				F8B1F9C41DB8A23E0079AA96 /* MyTimeUITests.swift */,
				F8B1F9C61DB8A23E0079AA96 /* Info.plist */,
			);
			path = MyTimeUITests;
			sourceTree = "<group>";
		};
/* End PBXGroup section */

/* Begin PBXNativeTarget section */
		F8B1F9A01DB8A23D0079AA96 /* MyTime */ = {
			isa = PBXNativeTarget;
			buildConfigurationList = F8B1F9C91DB8A23E0079AA96 /* Build configuration list for PBXNativeTarget "MyTime" */;
			buildPhases = (
				F8B1F99D1DB8A23D0079AA96 /* Sources */,
				F8B1F99E1DB8A23D0079AA96 /* Frameworks */,
				F8B1F99F1DB8A23D0079AA96 /* Resources */,
			);
			buildRules = (
			);
			dependencies = (
			);
			name = MyTime;
			productName = MyTime;
			productReference = F8B1F9A11DB8A23D0079AA96 /* MyTime.app */;
			productType = "com.apple.product-type.application";
		};
		F8B1F9B41DB8A23D0079AA96 /* MyTimeTests */ = {
			isa = PBXNativeTarget;
			buildConfigurationList = F8B1F9CC1DB8A23E0079AA96 /* Build configuration list for PBXNativeTarget "MyTimeTests" */;
			buildPhases = (
				F8B1F9B11DB8A23D0079AA96 /* Sources */,
				F8B1F9B21DB8A23D0079AA96 /* Frameworks */,
				F8B1F9B31DB8A23D0079AA96 /* Resources */,
			);
			buildRules = (
			);
			dependencies = (
				F8B1F9B71DB8A23D0079AA96 /* PBXTargetDependency */,
			);
			name = MyTimeTests;
			productName = MyTimeTests;
			productReference = F8B1F9B51DB8A23D0079AA96 /* MyTimeTests.xctest */;
			productType = "com.apple.product-type.bundle.unit-test";
		};
		F8B1F9BF1DB8A23E0079AA96 /* MyTimeUITests */ = {
			isa = PBXNativeTarget;
			buildConfigurationList = F8B1F9CF1DB8A23E0079AA96 /* Build configuration list for PBXNativeTarget "MyTimeUITests" */;
			buildPhases = (
				F8B1F9BC1DB8A23E0079AA96 /* Sources */,
				F8B1F9BD1DB8A23E0079AA96 /* Frameworks */,
				F8B1F9BE1DB8A23E0079AA96 /* Resources */,
			);
			buildRules = (
			);
			dependencies = (
				F8B1F9C21DB8A23E0079AA96 /* PBXTargetDependency */,
			);
			name = MyTimeUITests;
			productName = MyTimeUITests;
			productReference = F8B1F9C01DB8A23E0079AA96 /* MyTimeUITests.xctest */;
			productType = "com.apple.product-type.bundle.ui-testing";
		};
/* End PBXNativeTarget section */

/* Begin PBXProject section */
		F8B1F9991DB8A23D0079AA96 /* Project object */ = {
			isa = PBXProject;
			attributes = {
				LastSwiftUpdateCheck = 0800;
				LastUpgradeCheck = 0800;
				ORGANIZATIONNAME = NguyenThanhDuc;
				TargetAttributes = {
					F8B1F9A01DB8A23D0079AA96 = {
						CreatedOnToolsVersion = 8.0;
						ProvisioningStyle = Automatic;
					};
					F8B1F9B41DB8A23D0079AA96 = {
						CreatedOnToolsVersion = 8.0;
						ProvisioningStyle = Automatic;
						TestTargetID = F8B1F9A01DB8A23D0079AA96;
					};
					F8B1F9BF1DB8A23E0079AA96 = {
						CreatedOnToolsVersion = 8.0;
						ProvisioningStyle = Automatic;
						TestTargetID = F8B1F9A01DB8A23D0079AA96;
					};
				};
			};
			buildConfigurationList = F8B1F99C1DB8A23D0079AA96 /* Build configuration list for PBXProject "MyTime" */;
			compatibilityVersion = "Xcode 3.2";
			developmentRegion = English;
			hasScannedForEncodings = 0;
			knownRegions = (
				en,
				Base,
			);
			mainGroup = F8B1F9981DB8A23D0079AA96;
			productRefGroup = F8B1F9A21DB8A23D0079AA96 /* Products */;
			projectDirPath = "";
			projectRoot = "";
			targets = (
				F8B1F9A01DB8A23D0079AA96 /* MyTime */,
				F8B1F9B41DB8A23D0079AA96 /* MyTimeTests */,
				F8B1F9BF1DB8A23E0079AA96 /* MyTimeUITests */,
			);
		};
/* End PBXProject section */

/* Begin PBXResourcesBuildPhase section */
		F8B1F99F1DB8A23D0079AA96 /* Resources */ = {
			isa = PBXResourcesBuildPhase;
			buildActionMask = 2147483647;
			files = (
				F8B1F9AF1DB8A23D0079AA96 /* LaunchScreen.storyboard in Resources */,
				F8B1F9AC1DB8A23D0079AA96 /* Assets.xcassets in Resources */,
				F8B1F9AA1DB8A23D0079AA96 /* Main.storyboard in Resources */,
			);
			runOnlyForDeploymentPostprocessing = 0;
		};
		F8B1F9B31DB8A23D0079AA96 /* Resources */ = {
			isa = PBXResourcesBuildPhase;
			buildActionMask = 2147483647;
			files = (
			);
			runOnlyForDeploymentPostprocessing = 0;
		};
		F8B1F9BE1DB8A23E0079AA96 /* Resources */ = {
			isa = PBXResourcesBuildPhase;
			buildActionMask = 2147483647;
			files = (
			);
			runOnlyForDeploymentPostprocessing = 0;
		};
/* End PBXResourcesBuildPhase section */

/* Begin PBXSourcesBuildPhase section */
		F8B1F99D1DB8A23D0079AA96 /* Sources */ = {
			isa = PBXSourcesBuildPhase;
			buildActionMask = 2147483647;
			files = (
				F8B1F9A71DB8A23D0079AA96 /* ViewController.swift in Sources */,
				F8B1F9A51DB8A23D0079AA96 /* AppDelegate.swift in Sources */,
			);
			runOnlyForDeploymentPostprocessing = 0;
		};
		F8B1F9B11DB8A23D0079AA96 /* Sources */ = {
			isa = PBXSourcesBuildPhase;
			buildActionMask = 2147483647;
			files = (
				F8B1F9BA1DB8A23E0079AA96 /* MyTimeTests.swift in Sources */,
			);
			runOnlyForDeploymentPostprocessing = 0;
		};
		F8B1F9BC1DB8A23E0079AA96 /* Sources */ = {
			isa = PBXSourcesBuildPhase;
			buildActionMask = 2147483647;
			files = (
				F8B1F9C51DB8A23E0079AA96 /* MyTimeUITests.swift in Sources */,
			);
			runOnlyForDeploymentPostprocessing = 0;
		};
/* End PBXSourcesBuildPhase section */

/* Begin PBXTargetDependency section */
		F8B1F9B71DB8A23D0079AA96 /* PBXTargetDependency */ = {
			isa = PBXTargetDependency;
			target = F8B1F9A01DB8A23D0079AA96 /* MyTime */;
			targetProxy = F8B1F9B61DB8A23D0079AA96 /* PBXContainerItemProxy */;
		};
		F8B1F9C21DB8A23E0079AA96 /* PBXTargetDependency */ = {
			isa = PBXTargetDependency;
			target = F8B1F9A01DB8A23D0079AA96 /* MyTime */;
			targetProxy = F8B1F9C11DB8A23E0079AA96 /* PBXContainerItemProxy */;
		};
/* End PBXTargetDependency section */

/* Begin PBXVariantGroup section */
		F8B1F9A81DB8A23D0079AA96 /* Main.storyboard */ = {
			isa = PBXVariantGroup;
			children = (
				F8B1F9A91DB8A23D0079AA96 /* Base */,
			);
			name = Main.storyboard;
			sourceTree = "<group>";
		};
		F8B1F9AD1DB8A23D0079AA96 /* LaunchScreen.storyboard */ = {
			isa = PBXVariantGroup;
			children = (
				F8B1F9AE1DB8A23D0079AA96 /* Base */,
			);
			name = LaunchScreen.storyboard;
			sourceTree = "<group>";
		};
/* End PBXVariantGroup section */

/* Begin XCBuildConfiguration section */
		F8B1F9C71DB8A23E0079AA96 /* Debug */ = {
			isa = XCBuildConfiguration;
			buildSettings = {
				ALWAYS_SEARCH_USER_PATHS = NO;
				CLANG_ANALYZER_NONNULL = YES;
				CLANG_CXX_LANGUAGE_STANDARD = "gnu++0x";
				CLANG_CXX_LIBRARY = "libc++";
				CLANG_ENABLE_MODULES = YES;
				CLANG_ENABLE_OBJC_ARC = YES;
				CLANG_WARN_BOOL_CONVERSION = YES;
				CLANG_WARN_CONSTANT_CONVERSION = YES;
				CLANG_WARN_DIRECT_OBJC_ISA_USAGE = YES_ERROR;
				CLANG_WARN_DOCUMENTATION_COMMENTS = YES;
				CLANG_WARN_EMPTY_BODY = YES;
				CLANG_WARN_ENUM_CONVERSION = YES;
				CLANG_WARN_INFINITE_RECURSION = YES;
				CLANG_WARN_INT_CONVERSION = YES;
				CLANG_WARN_OBJC_ROOT_CLASS = YES_ERROR;
				CLANG_WARN_SUSPICIOUS_MOVES = YES;
				CLANG_WARN_UNREACHABLE_CODE = YES;
				CLANG_WARN__DUPLICATE_METHOD_MATCH = YES;
				"CODE_SIGN_IDENTITY[sdk=iphoneos*]" = "iPhone Developer";
				COPY_PHASE_STRIP = NO;
				DEBUG_INFORMATION_FORMAT = dwarf;
				ENABLE_STRICT_OBJC_MSGSEND = YES;
				ENABLE_TESTABILITY = YES;
				GCC_C_LANGUAGE_STANDARD = gnu99;
				GCC_DYNAMIC_NO_PIC = NO;
				GCC_NO_COMMON_BLOCKS = YES;
				GCC_OPTIMIZATION_LEVEL = 0;
				GCC_PREPROCESSOR_DEFINITIONS = (
					"DEBUG=1",
					"$(inherited)",
				);
				GCC_WARN_64_TO_32_BIT_CONVERSION = YES;
				GCC_WARN_ABOUT_RETURN_TYPE = YES_ERROR;
				GCC_WARN_UNDECLARED_SELECTOR = YES;
				GCC_WARN_UNINITIALIZED_AUTOS = YES_AGGRESSIVE;
				GCC_WARN_UNUSED_FUNCTION = YES;
				GCC_WARN_UNUSED_VARIABLE = YES;
				IPHONEOS_DEPLOYMENT_TARGET = 10.0;
				MTL_ENABLE_DEBUG_INFO = YES;
				ONLY_ACTIVE_ARCH = YES;
				SDKROOT = iphoneos;
				SWIFT_ACTIVE_COMPILATION_CONDITIONS = DEBUG;
				SWIFT_OPTIMIZATION_LEVEL = "-Onone";
				TARGETED_DEVICE_FAMILY = "1,2";
			};
			name = Debug;
		};
		F8B1F9C81DB8A23E0079AA96 /* Release */ = {
			isa = XCBuildConfiguration;
			buildSettings = {
				ALWAYS_SEARCH_USER_PATHS = NO;
				CLANG_ANALYZER_NONNULL = YES;
				CLANG_CXX_LANGUAGE_STANDARD = "gnu++0x";
				CLANG_CXX_LIBRARY = "libc++";
				CLANG_ENABLE_MODULES = YES;
				CLANG_ENABLE_OBJC_ARC = YES;
				CLANG_WARN_BOOL_CONVERSION = YES;
				CLANG_WARN_CONSTANT_CONVERSION = YES;
				CLANG_WARN_DIRECT_OBJC_ISA_USAGE = YES_ERROR;
				CLANG_WARN_DOCUMENTATION_COMMENTS = YES;
				CLANG_WARN_EMPTY_BODY = YES;
				CLANG_WARN_ENUM_CONVERSION = YES;
				CLANG_WARN_INFINITE_RECURSION = YES;
				CLANG_WARN_INT_CONVERSION = YES;
				CLANG_WARN_OBJC_ROOT_CLASS = YES_ERROR;
				CLANG_WARN_SUSPICIOUS_MOVES = YES;
				CLANG_WARN_UNREACHABLE_CODE = YES;
				CLANG_WARN__DUPLICATE_METHOD_MATCH = YES;
				"CODE_SIGN_IDENTITY[sdk=iphoneos*]" = "iPhone Developer";
				COPY_PHASE_STRIP = NO;
				DEBUG_INFORMATION_FORMAT = "dwarf-with-dsym";
				ENABLE_NS_ASSERTIONS = NO;
				ENABLE_STRICT_OBJC_MSGSEND = YES;
				GCC_C_LANGUAGE_STANDARD = gnu99;
				GCC_NO_COMMON_BLOCKS = YES;
				GCC_WARN_64_TO_32_BIT_CONVERSION = YES;
				GCC_WARN_ABOUT_RETURN_TYPE = YES_ERROR;
				GCC_WARN_UNDECLARED_SELECTOR = YES;
				GCC_WARN_UNINITIALIZED_AUTOS = YES_AGGRESSIVE;
				GCC_WARN_UNUSED_FUNCTION = YES;
				GCC_WARN_UNUSED_VARIABLE = YES;
				IPHONEOS_DEPLOYMENT_TARGET = 10.0;
				MTL_ENABLE_DEBUG_INFO = NO;
				SDKROOT = iphoneos;
				SWIFT_OPTIMIZATION_LEVEL = "-Owholemodule";
				TARGETED_DEVICE_FAMILY = "1,2";
				VALIDATE_PRODUCT = YES;
			};
			name = Release;
		};
		F8B1F9CA1DB8A23E0079AA96 /* Debug */ = {
			isa = XCBuildConfiguration;
			buildSettings = {
				ASSETCATALOG_COMPILER_APPICON_NAME = AppIcon;
				INFOPLIST_FILE = MyTime/Info.plist;
				LD_RUNPATH_SEARCH_PATHS = "$(inherited) @executable_path/Frameworks";
				PRODUCT_BUNDLE_IDENTIFIER = com.NguyenThanhDuc.MyTime;
				PRODUCT_NAME = "$(TARGET_NAME)";
				SWIFT_VERSION = 3.0;
			};
			name = Debug;
		};
		F8B1F9CB1DB8A23E0079AA96 /* Release */ = {
			isa = XCBuildConfiguration;
			buildSettings = {
				ASSETCATALOG_COMPILER_APPICON_NAME = AppIcon;
				INFOPLIST_FILE = MyTime/Info.plist;
				LD_RUNPATH_SEARCH_PATHS = "$(inherited) @executable_path/Frameworks";
				PRODUCT_BUNDLE_IDENTIFIER = com.NguyenThanhDuc.MyTime;
				PRODUCT_NAME = "$(TARGET_NAME)";
				SWIFT_VERSION = 3.0;
			};
			name = Release;
		};
		F8B1F9CD1DB8A23E0079AA96 /* Debug */ = {
			isa = XCBuildConfiguration;
			buildSettings = {
				ALWAYS_EMBED_SWIFT_STANDARD_LIBRARIES = YES;
				BUNDLE_LOADER = "$(TEST_HOST)";
				INFOPLIST_FILE = MyTimeTests/Info.plist;
				LD_RUNPATH_SEARCH_PATHS = "$(inherited) @executable_path/Frameworks @loader_path/Frameworks";
				PRODUCT_BUNDLE_IDENTIFIER = com.NguyenThanhDuc.MyTimeTests;
				PRODUCT_NAME = "$(TARGET_NAME)";
				SWIFT_VERSION = 3.0;
				TEST_HOST = "$(BUILT_PRODUCTS_DIR)/MyTime.app/MyTime";
			};
			name = Debug;
		};
		F8B1F9CE1DB8A23E0079AA96 /* Release */ = {
			isa = XCBuildConfiguration;
			buildSettings = {
				ALWAYS_EMBED_SWIFT_STANDARD_LIBRARIES = YES;
				BUNDLE_LOADER = "$(TEST_HOST)";
				INFOPLIST_FILE = MyTimeTests/Info.plist;
				LD_RUNPATH_SEARCH_PATHS = "$(inherited) @executable_path/Frameworks @loader_path/Frameworks";
				PRODUCT_BUNDLE_IDENTIFIER = com.NguyenThanhDuc.MyTimeTests;
				PRODUCT_NAME = "$(TARGET_NAME)";
				SWIFT_VERSION = 3.0;
				TEST_HOST = "$(BUILT_PRODUCTS_DIR)/MyTime.app/MyTime";
			};
			name = Release;
		};
		F8B1F9D01DB8A23E0079AA96 /* Debug */ = {
			isa = XCBuildConfiguration;
			buildSettings = {
				ALWAYS_EMBED_SWIFT_STANDARD_LIBRARIES = YES;
				INFOPLIST_FILE = MyTimeUITests/Info.plist;
				LD_RUNPATH_SEARCH_PATHS = "$(inherited) @executable_path/Frameworks @loader_path/Frameworks";
				PRODUCT_BUNDLE_IDENTIFIER = com.NguyenThanhDuc.MyTimeUITests;
				PRODUCT_NAME = "$(TARGET_NAME)";
				SWIFT_VERSION = 3.0;
				TEST_TARGET_NAME = MyTime;
			};
			name = Debug;
		};
		F8B1F9D11DB8A23E0079AA96 /* Release */ = {
			isa = XCBuildConfiguration;
			buildSettings = {
				ALWAYS_EMBED_SWIFT_STANDARD_LIBRARIES = YES;
				INFOPLIST_FILE = MyTimeUITests/Info.plist;
				LD_RUNPATH_SEARCH_PATHS = "$(inherited) @executable_path/Frameworks @loader_path/Frameworks";
				PRODUCT_BUNDLE_IDENTIFIER = com.NguyenThanhDuc.MyTimeUITests;
				PRODUCT_NAME = "$(TARGET_NAME)";
				SWIFT_VERSION = 3.0;
				TEST_TARGET_NAME = MyTime;
			};
			name = Release;
		};
/* End XCBuildConfiguration section */

/* Begin XCConfigurationList section */
		F8B1F99C1DB8A23D0079AA96 /* Build configuration list for PBXProject "MyTime" */ = {
			isa = XCConfigurationList;
			buildConfigurations = (
				F8B1F9C71DB8A23E0079AA96 /* Debug */,
				F8B1F9C81DB8A23E0079AA96 /* Release */,
			);
			defaultConfigurationIsVisible = 0;
			defaultConfigurationName = Release;
		};
		F8B1F9C91DB8A23E0079AA96 /* Build configuration list for PBXNativeTarget "MyTime" */ = {
			isa = XCConfigurationList;
			buildConfigurations = (
				F8B1F9CA1DB8A23E0079AA96 /* Debug */,
				F8B1F9CB1DB8A23E0079AA96 /* Release */,
			);
			defaultConfigurationIsVisible = 0;
		};
		F8B1F9CC1DB8A23E0079AA96 /* Build configuration list for PBXNativeTarget "MyTimeTests" */ = {
			isa = XCConfigurationList;
			buildConfigurations = (
				F8B1F9CD1DB8A23E0079AA96 /* Debug */,
				F8B1F9CE1DB8A23E0079AA96 /* Release */,
			);
			defaultConfigurationIsVisible = 0;
		};
		F8B1F9CF1DB8A23E0079AA96 /* Build configuration list for PBXNativeTarget "MyTimeUITests" */ = {
			isa = XCConfigurationList;
			buildConfigurations = (
				F8B1F9D01DB8A23E0079AA96 /* Debug */,
				F8B1F9D11DB8A23E0079AA96 /* Release */,
			);
			defaultConfigurationIsVisible = 0;
		};
/* End XCConfigurationList section */
	};
	rootObject = F8B1F9991DB8A23D0079AA96 /* Project object */;
}
